
Microsoft Visual Studio Solution File, Format Version 12.00
# Visual Studio Version 16
VisualStudioVersion = 16.0.31729.503
MinimumVisualStudioVersion = 10.0.40219.1
Project("{FAE04EC0-301F-11D3-BF4B-00C04F79EFBC}") = "Z-1", "Z-1\Z-1.csproj", "{E07704C8-4FC9-4B4A-8553-EEC6CF1FCB9F}"
EndProject
Project("{FAE04EC0-301F-11D3-BF4B-00C04F79EFBC}") = "Z-2", "Z-2\Z-2.csproj", "{409E387C-ECE6-4CB1-9355-87C2C8356236}"
EndProject
Project("{FAE04EC0-301F-11D3-BF4B-00C04F79EFBC}") = "Z-3", "Z-3\Z-3.csproj", "{E2C724A8-A22B-4C5E-A63F-81E46C0CD9D1}"
EndProject
Project("{FAE04EC0-301F-11D3-BF4B-00C04F79EFBC}") = "Z-4", "Z-4\Z-4.csproj", "{C9A3F0A2-5E16-4F3F-AA2E-5400774FB79C}"
EndProject
Project("{FAE04EC0-301F-11D3-BF4B-00C04F79EFBC}") = "Z-5", "Z-5\Z-5.csproj", "{B22BAC3F-F464-4680-8487-9BF34506B1D3}"
EndProject
Project("{FAE04EC0-301F-11D3-BF4B-00C04F79EFBC}") = "Z-6", "Z-6\Z-6.csproj", "{98B566F0-C8C9-4BA4-98E8-62D4059894E0}"
EndProject
Project("{FAE04EC0-301F-11D3-BF4B-00C04F79EFBC}") = "Dop-1", "Dop-1\Dop-1.csproj", "{3D017E23-4E21-4BF7-9FDA-4234C5AB4FD4}"
EndProject
Project("{FAE04EC0-301F-11D3-BF4B-00C04F79EFBC}") = "Dop-3", "Dop-3\Dop-3.csproj", "{15126744-C616-4CF6-B9B7-91F4664B9C74}"
EndProject
Project("{FAE04EC0-301F-11D3-BF4B-00C04F79EFBC}") = "Dop-4", "Dop-4\Dop-4.csproj", "{E2BF7817-8CA2-4AB3-9FF5-8DCEA9D48B96}"
EndProject
Project("{FAE04EC0-301F-11D3-BF4B-00C04F79EFBC}") = "Dop-7", "Dop-7\Dop-7.csproj", "{18D9F220-FB47-48A8-8156-2D46DEBF889A}"
EndProject
Project("{FAE04EC0-301F-11D3-BF4B-00C04F79EFBC}") = "Dop-8", "Dop-8\Dop-8.csproj", "{142B9010-B0D3-416B-B0E2-570A525AB08E}"
EndProject
Project("{FAE04EC0-301F-11D3-BF4B-00C04F79EFBC}") = "Dop-10", "Dop-10\Dop-10.csproj", "{AA9FFF06-BD29-45D1-80B4-7CAF3D118433}"
EndProject
Project("{FAE04EC0-301F-11D3-BF4B-00C04F79EFBC}") = "Dop-5", "Dop-5\Dop-5.csproj", "{454AF4CD-9F3F-4FD4-9D07-51B7333AC7DA}"
EndProject
Global
	GlobalSection(SolutionConfigurationPlatforms) = preSolution
		Debug|Any CPU = Debug|Any CPU
		Release|Any CPU = Release|Any CPU
	EndGlobalSection
	GlobalSection(ProjectConfigurationPlatforms) = postSolution
		{E07704C8-4FC9-4B4A-8553-EEC6CF1FCB9F}.Debug|Any CPU.ActiveCfg = Debug|Any CPU
		{E07704C8-4FC9-4B4A-8553-EEC6CF1FCB9F}.Debug|Any CPU.Build.0 = Debug|Any CPU
		{E07704C8-4FC9-4B4A-8553-EEC6CF1FCB9F}.Release|Any CPU.ActiveCfg = Release|Any CPU
		{E07704C8-4FC9-4B4A-8553-EEC6CF1FCB9F}.Release|Any CPU.Build.0 = Release|Any CPU
		{409E387C-ECE6-4CB1-9355-87C2C8356236}.Debug|Any CPU.ActiveCfg = Debug|Any CPU
		{409E387C-ECE6-4CB1-9355-87C2C8356236}.Debug|Any CPU.Build.0 = Debug|Any CPU
		{409E387C-ECE6-4CB1-9355-87C2C8356236}.Release|Any CPU.ActiveCfg = Release|Any CPU
		{409E387C-ECE6-4CB1-9355-87C2C8356236}.Release|Any CPU.Build.0 = Release|Any CPU
		{E2C724A8-A22B-4C5E-A63F-81E46C0CD9D1}.Debug|Any CPU.ActiveCfg = Debug|Any CPU
		{E2C724A8-A22B-4C5E-A63F-81E46C0CD9D1}.Debug|Any CPU.Build.0 = Debug|Any CPU
		{E2C724A8-A22B-4C5E-A63F-81E46C0CD9D1}.Release|Any CPU.ActiveCfg = Release|Any CPU
		{E2C724A8-A22B-4C5E-A63F-81E46C0CD9D1}.Release|Any CPU.Build.0 = Release|Any CPU
		{C9A3F0A2-5E16-4F3F-AA2E-5400774FB79C}.Debug|Any CPU.ActiveCfg = Debug|Any CPU
		{C9A3F0A2-5E16-4F3F-AA2E-5400774FB79C}.Debug|Any CPU.Build.0 = Debug|Any CPU
		{C9A3F0A2-5E16-4F3F-AA2E-5400774FB79C}.Release|Any CPU.ActiveCfg = Release|Any CPU
		{C9A3F0A2-5E16-4F3F-AA2E-5400774FB79C}.Release|Any CPU.Build.0 = Release|Any CPU
		{B22BAC3F-F464-4680-8487-9BF34506B1D3}.Debug|Any CPU.ActiveCfg = Debug|Any CPU
		{B22BAC3F-F464-4680-8487-9BF34506B1D3}.Debug|Any CPU.Build.0 = Debug|Any CPU
		{B22BAC3F-F464-4680-8487-9BF34506B1D3}.Release|Any CPU.ActiveCfg = Release|Any CPU
		{B22BAC3F-F464-4680-8487-9BF34506B1D3}.Release|Any CPU.Build.0 = Release|Any CPU
		{98B566F0-C8C9-4BA4-98E8-62D4059894E0}.Debug|Any CPU.ActiveCfg = Debug|Any CPU
		{98B566F0-C8C9-4BA4-98E8-62D4059894E0}.Debug|Any CPU.Build.0 = Debug|Any CPU
		{98B566F0-C8C9-4BA4-98E8-62D4059894E0}.Release|Any CPU.ActiveCfg = Release|Any CPU
		{98B566F0-C8C9-4BA4-98E8-62D4059894E0}.Release|Any CPU.Build.0 = Release|Any CPU
		{3D017E23-4E21-4BF7-9FDA-4234C5AB4FD4}.Debug|Any CPU.ActiveCfg = Debug|Any CPU
		{3D017E23-4E21-4BF7-9FDA-4234C5AB4FD4}.Debug|Any CPU.Build.0 = Debug|Any CPU
		{3D017E23-4E21-4BF7-9FDA-4234C5AB4FD4}.Release|Any CPU.ActiveCfg = Release|Any CPU
		{3D017E23-4E21-4BF7-9FDA-4234C5AB4FD4}.Release|Any CPU.Build.0 = Release|Any CPU
		{15126744-C616-4CF6-B9B7-91F4664B9C74}.Debug|Any CPU.ActiveCfg = Debug|Any CPU
		{15126744-C616-4CF6-B9B7-91F4664B9C74}.Debug|Any CPU.Build.0 = Debug|Any CPU
		{15126744-C616-4CF6-B9B7-91F4664B9C74}.Release|Any CPU.ActiveCfg = Release|Any CPU
		{15126744-C616-4CF6-B9B7-91F4664B9C74}.Release|Any CPU.Build.0 = Release|Any CPU
		{E2BF7817-8CA2-4AB3-9FF5-8DCEA9D48B96}.Debug|Any CPU.ActiveCfg = Debug|Any CPU
		{E2BF7817-8CA2-4AB3-9FF5-8DCEA9D48B96}.Debug|Any CPU.Build.0 = Debug|Any CPU
		{E2BF7817-8CA2-4AB3-9FF5-8DCEA9D48B96}.Release|Any CPU.ActiveCfg = Release|Any CPU
		{E2BF7817-8CA2-4AB3-9FF5-8DCEA9D48B96}.Release|Any CPU.Build.0 = Release|Any CPU
		{18D9F220-FB47-48A8-8156-2D46DEBF889A}.Debug|Any CPU.ActiveCfg = Debug|Any CPU
		{18D9F220-FB47-48A8-8156-2D46DEBF889A}.Debug|Any CPU.Build.0 = Debug|Any CPU
		{18D9F220-FB47-48A8-8156-2D46DEBF889A}.Release|Any CPU.ActiveCfg = Release|Any CPU
		{18D9F220-FB47-48A8-8156-2D46DEBF889A}.Release|Any CPU.Build.0 = Release|Any CPU
		{142B9010-B0D3-416B-B0E2-570A525AB08E}.Debug|Any CPU.ActiveCfg = Debug|Any CPU
		{142B9010-B0D3-416B-B0E2-570A525AB08E}.Debug|Any CPU.Build.0 = Debug|Any CPU
		{142B9010-B0D3-416B-B0E2-570A525AB08E}.Release|Any CPU.ActiveCfg = Release|Any CPU
		{142B9010-B0D3-416B-B0E2-570A525AB08E}.Release|Any CPU.Build.0 = Release|Any CPU
		{AA9FFF06-BD29-45D1-80B4-7CAF3D118433}.Debug|Any CPU.ActiveCfg = Debug|Any CPU
		{AA9FFF06-BD29-45D1-80B4-7CAF3D118433}.Debug|Any CPU.Build.0 = Debug|Any CPU
		{AA9FFF06-BD29-45D1-80B4-7CAF3D118433}.Release|Any CPU.ActiveCfg = Release|Any CPU
		{AA9FFF06-BD29-45D1-80B4-7CAF3D118433}.Release|Any CPU.Build.0 = Release|Any CPU
		{454AF4CD-9F3F-4FD4-9D07-51B7333AC7DA}.Debug|Any CPU.ActiveCfg = Debug|Any CPU
		{454AF4CD-9F3F-4FD4-9D07-51B7333AC7DA}.Debug|Any CPU.Build.0 = Debug|Any CPU
		{454AF4CD-9F3F-4FD4-9D07-51B7333AC7DA}.Release|Any CPU.ActiveCfg = Release|Any CPU
		{454AF4CD-9F3F-4FD4-9D07-51B7333AC7DA}.Release|Any CPU.Build.0 = Release|Any CPU
	EndGlobalSection
	GlobalSection(SolutionProperties) = preSolution
		HideSolutionNode = FALSE
	EndGlobalSection
	GlobalSection(ExtensibilityGlobals) = postSolution
		SolutionGuid = {CF8A0876-7546-416A-8B05-E21C0F996839}
	EndGlobalSection
EndGlobal
